%{"bbmustache": {:hex, :bbmustache, "1.0.3"},
  "combine": {:hex, :combine, "0.5.2"},
  "con_cache": {:hex, :con_cache, "0.9.0"},
  "conform": {:hex, :conform, "0.16.0"},
  "cowboy": {:hex, :cowboy, "1.0.2"},
  "cowlib": {:hex, :cowlib, "1.0.1"},
  "decimal": {:hex, :decimal, "1.1.0"},
  "earmark": {:hex, :earmark, "0.1.17"},
  "ecto": {:hex, :ecto, "1.0.2"},
  "edown": {:git, "git://github.com/uwiger/edown.git", "b7c8eb0ac1859f8fce11cbfe3526f5ec83194776", [tag: "0.7"]},
  "erlcron": {:git, "git://github.com/erlware/erlcron.git", "ac499360fe263a5d24b4a47185691fa2e54c10f7", []},
  "erlware_commons": {:hex, :erlware_commons, "0.15.0"},
  "exactor": {:hex, :exactor, "2.2.0"},
  "exometer": {:git, "git://github.com/PSPDFKit-labs/exometer.git", "fc367682a809ccd463a907e6e00e52d6d354c83f", []},
  "exometer_core": {:git, "git://github.com/PSPDFKit-labs/exometer_core.git", "ccc18cf0328692756fd9b837a88823cf979da8e1", []},
  "exrm": {:hex, :exrm, "0.19.5"},
  "fs": {:hex, :fs, "0.9.2"},
  "getopt": {:hex, :getopt, "0.8.2"},
  "goldrush": {:hex, :goldrush, "0.1.6"},
  "gproc": {:hex, :gproc, "0.5.0"},
  "hackney": {:hex, :hackney, "1.3.2"},
  "httpoison": {:hex, :httpoison, "0.7.3"},
  "idna": {:hex, :idna, "1.0.2"},
  "lager": {:hex, :lager, "2.1.1"},
  "lager_logger": {:hex, :lager_logger, "1.0.0"},
  "neotoma": {:hex, :neotoma, "1.7.3"},
  "parse_trans": {:git, "git://github.com/uwiger/parse_trans.git", "82cc00264aa1bad8fc5c0739b7541feb4a843432", [tag: "2.9"]},
  "phoenix": {:hex, :phoenix, "1.0.2"},
  "phoenix_ecto": {:hex, :phoenix_ecto, "1.0.0"},
  "phoenix_html": {:hex, :phoenix_html, "2.2.0"},
  "phoenix_live_reload": {:hex, :phoenix_live_reload, "1.0.0"},
  "plug": {:hex, :plug, "1.0.0"},
  "poison": {:hex, :poison, "1.5.0"},
  "poolboy": {:hex, :poolboy, "1.5.1"},
  "postgrex": {:hex, :postgrex, "0.9.1"},
  "providers": {:hex, :providers, "1.4.1"},
  "ranch": {:hex, :ranch, "1.1.0"},
  "rebar_vsn_plugin": {:git, "https://github.com/erlware/rebar_vsn_plugin.git", "fd40c960c7912193631d948fe962e1162a8d1334", [tag: "master"]},
  "relx": {:hex, :relx, "3.5.0"},
  "setup": {:git, "git://github.com/uwiger/setup.git", "51ee7c9f64d2bbe9dcbb58c278e8fbfd4d0ca5e2", [tag: "1.4"]},
  "ssl_verify_hostname": {:hex, :ssl_verify_hostname, "1.0.5"},
  "timex": {:hex, :timex, "0.19.4"},
  "timex_ecto": {:hex, :timex_ecto, "0.5.0"},
  "tzdata": {:hex, :tzdata, "0.5.2"},
  "workex": {:hex, :workex, "0.8.0"}}
