%{
  "base64url": {:hex, :base64url, "0.0.1", "36a90125f5948e3afd7be97662a1504b934dd5dac78451ca6e9abf85a10286be", [:rebar], [], "hexpm", "fab09b20e3f5db886725544cbcf875b8e73ec93363954eb8a1a9ed834aa8c1f9"},
  "boundary": {:hex, :boundary, "0.4.4", "46dbe9bd7b1565a69ef7c83e4964c480e1079686c7ffaed1d5942fb4691f8ebe", [:mix], [], "hexpm", "d6adb866b283812bf3fb7177ac88e36fab4d011ae58a8aa7edfa61ba6736cb3e"},
  "cachex": {:hex, :cachex, "2.1.0", "fad49b4e78d11c6c314e75bd8c9408f5b78cb065c047442798caed10803ee3be", [:mix], [{:eternal, "~> 1.1", [hex: :eternal, repo: "hexpm", optional: false]}], "hexpm"},
  "castore": {:hex, :castore, "0.1.5", "591c763a637af2cc468a72f006878584bc6c306f8d111ef8ba1d4c10e0684010", [:mix], [], "hexpm", "6db356b2bc6cc22561e051ff545c20ad064af57647e436650aa24d7d06cd941a"},
  "certifi": {:hex, :certifi, "2.3.1", "d0f424232390bf47d82da8478022301c561cf6445b5b5fb6a84d49a9e76d2639", [:rebar3], [{:parse_trans, "3.2.0", [hex: :parse_trans, repo: "hexpm", optional: false]}], "hexpm"},
  "combine": {:hex, :combine, "0.10.0", "eff8224eeb56498a2af13011d142c5e7997a80c8f5b97c499f84c841032e429f", [:mix], [], "hexpm"},
  "cowboy": {:hex, :cowboy, "2.8.0", "f3dc62e35797ecd9ac1b50db74611193c29815401e53bac9a5c0577bd7bc667d", [:rebar3], [{:cowlib, "~> 2.9.1", [hex: :cowlib, repo: "hexpm", optional: false]}, {:ranch, "~> 1.7.1", [hex: :ranch, repo: "hexpm", optional: false]}], "hexpm", "4643e4fba74ac96d4d152c75803de6fad0b3fa5df354c71afdd6cbeeb15fac8a"},
  "cowlib": {:hex, :cowlib, "2.9.1", "61a6c7c50cf07fdd24b2f45b89500bb93b6686579b069a89f88cb211e1125c78", [:rebar3], [], "hexpm", "e4175dc240a70d996156160891e1c62238ede1729e45740bdd38064dad476170"},
  "decimal": {:hex, :decimal, "1.8.1", "a4ef3f5f3428bdbc0d35374029ffcf4ede8533536fa79896dd450168d9acdf3c", [:mix], [], "hexpm", "3cb154b00225ac687f6cbd4acc4b7960027c757a5152b369923ead9ddbca7aec"},
  "deep_merge": {:hex, :deep_merge, "1.0.0", "b4aa1a0d1acac393bdf38b2291af38cb1d4a52806cf7a4906f718e1feb5ee961", [:mix], [], "hexpm", "ce708e5f094b9cd4e8f2be4f00d2f4250c4095be93f8cd6d018c753894885430"},
  "dialyxir": {:hex, :dialyxir, "1.0.0", "6a1fa629f7881a9f5aaf3a78f094b2a51a0357c843871b8bc98824e7342d00a5", [:mix], [{:erlex, ">= 0.2.6", [hex: :erlex, repo: "hexpm", optional: false]}], "hexpm", "aeb06588145fac14ca08d8061a142d52753dbc2cf7f0d00fc1013f53f8654654"},
  "distillery": {:hex, :distillery, "1.5.2", "eec18b2d37b55b0bcb670cf2bcf64228ed38ce8b046bb30a9b636a6f5a4c0080", [:mix], [], "hexpm", "cf01ab32ac53d131ce6efafa20b62ff859ff8ca474b5a4a8b45d835a1b76a851"},
  "earmark": {:hex, :earmark, "1.4.4", "4821b8d05cda507189d51f2caeef370cf1e18ca5d7dfb7d31e9cafe6688106a4", [:mix], [], "hexpm", "1f93aba7340574847c0f609da787f0d79efcab51b044bb6e242cae5aca9d264d"},
  "ecto": {:hex, :ecto, "3.4.4", "a2c881e80dc756d648197ae0d936216c0308370332c5e77a2325a10293eef845", [:mix], [{:decimal, "~> 1.6 or ~> 2.0", [hex: :decimal, repo: "hexpm", optional: false]}, {:jason, "~> 1.0", [hex: :jason, repo: "hexpm", optional: true]}, {:telemetry, "~> 0.4", [hex: :telemetry, repo: "hexpm", optional: false]}], "hexpm", "cc4bd3ad62abc3b21fb629f0f7a3dab23a192fca837d257dd08449fba7373561"},
  "erlex": {:hex, :erlex, "0.2.6", "c7987d15e899c7a2f34f5420d2a2ea0d659682c06ac607572df55a43753aa12e", [:mix], [], "hexpm", "2ed2e25711feb44d52b17d2780eabf998452f6efda104877a3881c2f8c0c0c75"},
  "eternal": {:hex, :eternal, "1.2.0", "e2a6b6ce3b8c248f7dc31451aefca57e3bdf0e48d73ae5043229380a67614c41", [:mix], [], "hexpm"},
  "ex_doc": {:hex, :ex_doc, "0.21.3", "857ec876b35a587c5d9148a2512e952e24c24345552259464b98bfbb883c7b42", [:mix], [{:earmark, "~> 1.4", [hex: :earmark, repo: "hexpm", optional: false]}, {:makeup_elixir, "~> 0.14", [hex: :makeup_elixir, repo: "hexpm", optional: false]}], "hexpm", "0db1ee8d1547ab4877c5b5dffc6604ef9454e189928d5ba8967d4a58a801f161"},
  "file_system": {:hex, :file_system, "0.2.8", "f632bd287927a1eed2b718f22af727c5aeaccc9a98d8c2bd7bff709e851dc986", [:mix], [], "hexpm", "97a3b6f8d63ef53bd0113070102db2ce05352ecf0d25390eb8d747c2bde98bca"},
  "geoip": {:hex, :geoip, "0.1.3", "1d46462dbca5d8f19ac1cd25bd3663ed1ffeb67ff9164d0a37e0cd1ecf47f9c5", [:mix], [{:cachex, "~> 2.0", [hex: :cachex, repo: "hexpm", optional: false]}, {:httpoison, "~> 1.0", [hex: :httpoison, repo: "hexpm", optional: false]}, {:poison, "~> 2.0 or ~> 3.0", [hex: :poison, repo: "hexpm", optional: false]}], "hexpm"},
  "geolix": {:hex, :geolix, "0.16.0", "0095f5e828c0b46596216efaf6a4d46aba3f1a4da3bdfec735b2e49c8cd908fb", [:mix], [{:mmdb2_decoder, "~> 0.2.0", [hex: :mmdb2_decoder, repo: "hexpm", optional: false]}, {:poolboy, "~> 1.0", [hex: :poolboy, repo: "hexpm", optional: false]}], "hexpm"},
  "gettext": {:hex, :gettext, "0.18.0", "406d6b9e0e3278162c2ae1de0a60270452c553536772167e2d701f028116f870", [:mix], [], "hexpm", "c3f850be6367ebe1a08616c2158affe4a23231c70391050bf359d5f92f66a571"},
  "hackney": {:hex, :hackney, "1.12.1", "8bf2d0e11e722e533903fe126e14d6e7e94d9b7983ced595b75f532e04b7fdc7", [:rebar3], [{:certifi, "2.3.1", [hex: :certifi, repo: "hexpm", optional: false]}, {:idna, "5.1.1", [hex: :idna, repo: "hexpm", optional: false]}, {:metrics, "1.0.1", [hex: :metrics, repo: "hexpm", optional: false]}, {:mimerl, "1.0.2", [hex: :mimerl, repo: "hexpm", optional: false]}, {:ssl_verify_fun, "1.1.1", [hex: :ssl_verify_fun, repo: "hexpm", optional: false]}], "hexpm"},
  "httpoison": {:hex, :httpoison, "1.1.1", "96ed7ab79f78a31081bb523eefec205fd2900a02cda6dbc2300e7a1226219566", [:mix], [{:hackney, "~> 1.8", [hex: :hackney, repo: "hexpm", optional: false]}], "hexpm"},
  "idna": {:hex, :idna, "5.1.1", "cbc3b2fa1645113267cc59c760bafa64b2ea0334635ef06dbac8801e42f7279c", [:rebar3], [{:unicode_util_compat, "0.3.1", [hex: :unicode_util_compat, repo: "hexpm", optional: false]}], "hexpm"},
  "jason": {:hex, :jason, "1.2.1", "12b22825e22f468c02eb3e4b9985f3d0cb8dc40b9bd704730efa11abd2708c44", [:mix], [{:decimal, "~> 1.0", [hex: :decimal, repo: "hexpm", optional: true]}], "hexpm", "b659b8571deedf60f79c5a608e15414085fa141344e2716fbd6988a084b5f993"},
  "jose": {:hex, :jose, "1.10.1", "16d8e460dae7203c6d1efa3f277e25b5af8b659febfc2f2eb4bacf87f128b80a", [:mix, :rebar3], [], "hexpm", "3c7ddc8a9394b92891db7c2771da94bf819834a1a4c92e30857b7d582e2f8257"},
  "makeup": {:hex, :makeup, "1.0.2", "0b9f7bfb7a88bed961341b359bc2cc1b233517af891ba4890ec5a580ffe738b4", [:mix], [{:nimble_parsec, "~> 0.5", [hex: :nimble_parsec, repo: "hexpm", optional: false]}], "hexpm", "43833299231c6a6983afc75a34e43eeba638521d5527ff89809fa6372424fd7e"},
  "makeup_elixir": {:hex, :makeup_elixir, "0.14.1", "4f0e96847c63c17841d42c08107405a005a2680eb9c7ccadfd757bd31dabccfb", [:mix], [{:makeup, "~> 1.0", [hex: :makeup, repo: "hexpm", optional: false]}], "hexpm", "f2438b1a80eaec9ede832b5c41cd4f373b38fd7aa33e3b22d9db79e640cbde11"},
  "makeup_erlang": {:hex, :makeup_erlang, "0.1.0", "833efc4f304f72fcb28a5a3b4b193a3a75d97dd2be1a8b83cd52b9786820a7b8", [:mix], [{:makeup, "~> 1.0", [hex: :makeup, repo: "hexpm", optional: false]}], "hexpm", "7f69a19d56d3e20f2a6385af856f7fa130364527b65131259cfe353f1a5c7083"},
  "metrics": {:hex, :metrics, "1.0.1", "25f094dea2cda98213cecc3aeff09e940299d950904393b2a29d191c346a8486", [:rebar3], [], "hexpm"},
  "mime": {:hex, :mime, "1.3.1", "30ce04ab3175b6ad0bdce0035cba77bba68b813d523d1aac73d9781b4d193cf8", [:mix], [], "hexpm", "6cbe761d6a0ca5a31a0931bf4c63204bceb64538e664a8ecf784a9a6f3b875f1"},
  "mimerl": {:hex, :mimerl, "1.0.2", "993f9b0e084083405ed8252b99460c4f0563e41729ab42d9074fd5e52439be88", [:rebar3], [], "hexpm"},
  "mint": {:hex, :mint, "1.1.0", "1fd0189edd9e3ffdbd7fcd8bc3835902b987a63ec6c4fd1aa8c2a56e2165f252", [:mix], [{:castore, "~> 0.1.0", [hex: :castore, repo: "hexpm", optional: true]}], "hexpm", "5bfd316c3789340b682d5679a8116bcf2112e332447bdc20c1d62909ee45f48d"},
  "mmdb2_decoder": {:hex, :mmdb2_decoder, "0.2.0", "34346c43bb1860d38d5505e5edf3d5e31a0d9fce4ee48f0c8c762875bcd05bb2", [:mix], [], "hexpm"},
  "mox": {:hex, :mox, "0.5.2", "55a0a5ba9ccc671518d068c8dddd20eeb436909ea79d1799e2209df7eaa98b6c", [:mix], [], "hexpm", "df4310628cd628ee181df93f50ddfd07be3e5ecc30232d3b6aadf30bdfe6092b"},
  "nimble_options": {:hex, :nimble_options, "0.2.1", "7eac99688c2544d4cc3ace36ee8f2bf4d738c14d031bd1e1193aab096309d488", [:mix], [], "hexpm", "ca48293609306791ce2634818d849b7defe09330adb7e4e1118a0bc59bed1cf4"},
  "nimble_parsec": {:hex, :nimble_parsec, "0.6.0", "32111b3bf39137144abd7ba1cce0914533b2d16ef35e8abc5ec8be6122944263", [:mix], [], "hexpm", "27eac315a94909d4dc68bc07a4a83e06c8379237c5ea528a9acff4ca1c873c52"},
  "parent": {:hex, :parent, "0.9.0", "bab1af15dcf857dbedd7fa4bd458f4322d9ab22d53b2760f4a7c945a2593e0a2", [:mix], [{:telemetry, "~> 0.4", [hex: :telemetry, repo: "hexpm", optional: false]}], "hexpm", "40a47770a15147d6edb561dd7558114ae77b0fdfe08a1b6437f010c6ab4a5fc2"},
  "parse_trans": {:hex, :parse_trans, "3.2.0", "2adfa4daf80c14dc36f522cf190eb5c4ee3e28008fc6394397c16f62a26258c2", [:rebar3], [], "hexpm"},
  "phoenix": {:hex, :phoenix, "1.5.3", "bfe0404e48ea03dfe17f141eff34e1e058a23f15f109885bbdcf62be303b49ff", [:mix], [{:jason, "~> 1.0", [hex: :jason, repo: "hexpm", optional: true]}, {:phoenix_html, "~> 2.13", [hex: :phoenix_html, repo: "hexpm", optional: true]}, {:phoenix_pubsub, "~> 2.0", [hex: :phoenix_pubsub, repo: "hexpm", optional: false]}, {:plug, "~> 1.10", [hex: :plug, repo: "hexpm", optional: false]}, {:plug_cowboy, "~> 1.0 or ~> 2.2", [hex: :plug_cowboy, repo: "hexpm", optional: true]}, {:plug_crypto, "~> 1.1.2 or ~> 1.2", [hex: :plug_crypto, repo: "hexpm", optional: false]}, {:telemetry, "~> 0.4", [hex: :telemetry, repo: "hexpm", optional: false]}], "hexpm", "8e16febeb9640d8b33895a691a56481464b82836d338bb3a23125cd7b6157c25"},
  "phoenix_html": {:hex, :phoenix_html, "2.14.2", "b8a3899a72050f3f48a36430da507dd99caf0ac2d06c77529b1646964f3d563e", [:mix], [{:plug, "~> 1.5", [hex: :plug, repo: "hexpm", optional: false]}], "hexpm", "58061c8dfd25da5df1ea0ca47c972f161beb6c875cd293917045b92ffe1bf617"},
  "phoenix_live_dashboard": {:hex, :phoenix_live_dashboard, "0.2.5", "1df045d7075a02600cae71758b8ee0e7c74080ed067fbc5aa1e780d048287d3a", [:mix], [{:phoenix_html, "~> 2.14.1 or ~> 2.15", [hex: :phoenix_html, repo: "hexpm", optional: false]}, {:phoenix_live_view, "~> 0.13.1", [hex: :phoenix_live_view, repo: "hexpm", optional: false]}, {:telemetry_metrics, "~> 0.4.0 or ~> 0.5.0", [hex: :telemetry_metrics, repo: "hexpm", optional: false]}], "hexpm", "6d6e57f1a0117256b159662469c06471762e2bf5be2a6a8382150f7a50cc46bd"},
  "phoenix_live_reload": {:hex, :phoenix_live_reload, "1.2.2", "38d94c30df5e2ef11000697a4fbe2b38d0fbf79239d492ff1be87bbc33bc3a84", [:mix], [{:file_system, "~> 0.2.1 or ~> 0.3", [hex: :file_system, repo: "hexpm", optional: false]}, {:phoenix, "~> 1.4", [hex: :phoenix, repo: "hexpm", optional: false]}], "hexpm", "a3dec3d28ddb5476c96a7c8a38ea8437923408bc88da43e5c45d97037b396280"},
  "phoenix_live_view": {:hex, :phoenix_live_view, "0.13.2", "401f586b696a0ac61fa936bc3b61b2506383aa5cbb441a06c6b676278c059ac3", [:mix], [{:jason, "~> 1.0", [hex: :jason, repo: "hexpm", optional: true]}, {:phoenix, "~> 1.4.17 or ~> 1.5.2", [hex: :phoenix, repo: "hexpm", optional: false]}, {:phoenix_html, "~> 2.14", [hex: :phoenix_html, repo: "hexpm", optional: false]}], "hexpm", "cd2b3083e3c6ac6f13fe1cf232911cc64e7fd5ff78d9d1967794e1b3c0657b2d"},
  "phoenix_pubsub": {:hex, :phoenix_pubsub, "2.0.0", "a1ae76717bb168cdeb10ec9d92d1480fec99e3080f011402c0a2d68d47395ffb", [:mix], [], "hexpm", "c52d948c4f261577b9c6fa804be91884b381a7f8f18450c5045975435350f771"},
  "plug": {:hex, :plug, "1.10.1", "c56a6d9da7042d581159bcbaef873ba9d87f15dce85420b0d287bca19f40f9bd", [:mix], [{:mime, "~> 1.0", [hex: :mime, repo: "hexpm", optional: false]}, {:plug_crypto, "~> 1.1.1 or ~> 1.2", [hex: :plug_crypto, repo: "hexpm", optional: false]}, {:telemetry, "~> 0.4", [hex: :telemetry, repo: "hexpm", optional: true]}], "hexpm", "b5cd52259817eb8a31f2454912ba1cff4990bca7811918878091cb2ab9e52cb8"},
  "plug_cowboy": {:hex, :plug_cowboy, "2.2.2", "7a09aa5d10e79b92d332a288f21cc49406b1b994cbda0fde76160e7f4cc890ea", [:mix], [{:cowboy, "~> 2.7", [hex: :cowboy, repo: "hexpm", optional: false]}, {:plug, "~> 1.7", [hex: :plug, repo: "hexpm", optional: false]}, {:telemetry, "~> 0.4", [hex: :telemetry, repo: "hexpm", optional: false]}], "hexpm", "e82364b29311dbad3753d588febd7e5ef05062cd6697d8c231e0e007adab3727"},
  "plug_crypto": {:hex, :plug_crypto, "1.1.2", "bdd187572cc26dbd95b87136290425f2b580a116d3fb1f564216918c9730d227", [:mix], [], "hexpm", "6b8b608f895b6ffcfad49c37c7883e8df98ae19c6a28113b02aa1e9c5b22d6b5"},
  "poison": {:hex, :poison, "3.1.0", "d9eb636610e096f86f25d9a46f35a9facac35609a7591b3be3326e99a0484665", [:mix], [], "hexpm", "fec8660eb7733ee4117b85f55799fd3833eb769a6df71ccf8903e8dc5447cfce"},
  "poolboy": {:hex, :poolboy, "1.5.1", "6b46163901cfd0a1b43d692657ed9d7e599853b3b21b95ae5ae0a777cf9b6ca8", [:rebar], [], "hexpm"},
  "provider": {:git, "https://github.com/verybigthings/provider.git", "7cde3261a5633514f465421e3f89e333f35f43b5", []},
  "ranch": {:hex, :ranch, "1.7.1", "6b1fab51b49196860b733a49c07604465a47bdb78aa10c1c16a3d199f7f8c881", [:rebar3], [], "hexpm", "451d8527787df716d99dc36162fca05934915db0b6141bbdac2ea8d3c7afc7d7"},
  "site_encrypt": {:hex, :site_encrypt, "0.2.1", "0bc3fc389f9d7405e65f0f2a7c568f2fc1448c2b873b4bb298150dd958fde34c", [:mix], [{:castore, "~> 0.1", [hex: :castore, repo: "hexpm", optional: false]}, {:dialyxir, "~> 1.0", [hex: :dialyxir, repo: "hexpm", optional: false]}, {:jason, "~> 1.0", [hex: :jason, repo: "hexpm", optional: false]}, {:jose, "~> 1.10", [hex: :jose, repo: "hexpm", optional: false]}, {:mint, "~> 1.1", [hex: :mint, repo: "hexpm", optional: false]}, {:nimble_options, "~> 0.2", [hex: :nimble_options, repo: "hexpm", optional: false]}, {:parent, "~> 0.9", [hex: :parent, repo: "hexpm", optional: false]}, {:phoenix, "~> 1.5", [hex: :phoenix, repo: "hexpm", optional: true]}, {:plug, "~> 1.7", [hex: :plug, repo: "hexpm", optional: true]}, {:plug_cowboy, "~> 2.2", [hex: :plug_cowboy, repo: "hexpm", optional: true]}, {:x509, "~> 0.3", [hex: :x509, repo: "hexpm", optional: false]}], "hexpm", "b0518022c2148511818098c8492a7589f104e319ce439f1117a5efacb65eb325"},
  "sshex": {:hex, :sshex, "2.2.1", "e1270b8345ea2a66a11c2bb7aed22c93e3bc7bc813486f4ffd0a980e4a898160", [:mix], [], "hexpm", "45b2caa5011dc850e70a2d77e3b62678a3e8bcb903eab6f3e7afb2ea897b13db"},
  "ssl_verify_fun": {:hex, :ssl_verify_fun, "1.1.1", "28a4d65b7f59893bc2c7de786dec1e1555bd742d336043fe644ae956c3497fbe", [:make, :rebar], [], "hexpm"},
  "stream_data": {:hex, :stream_data, "0.4.2", "fa86b78c88ec4eaa482c0891350fcc23f19a79059a687760ddcf8680aac2799b", [:mix], [], "hexpm"},
  "table_rex": {:hex, :table_rex, "3.0.0", "5189b71b3b92ed461358f40f7b7b630dc37716bf6c8ab3e934b2bc63a99028bd", [:mix], [], "hexpm", "582776d24cbe6a4d30a39a7f02035b1bc979b6cd64923d7234dd2f0ad21a18c7"},
  "telemetry": {:hex, :telemetry, "0.4.1", "ae2718484892448a24470e6aa341bc847c3277bfb8d4e9289f7474d752c09c7f", [:rebar3], [], "hexpm", "4738382e36a0a9a2b6e25d67c960e40e1a2c95560b9f936d8e29de8cd858480f"},
  "telemetry_metrics": {:hex, :telemetry_metrics, "0.5.0", "1b796e74add83abf844e808564275dfb342bcc930b04c7577ab780e262b0d998", [:mix], [{:telemetry, "~> 0.4", [hex: :telemetry, repo: "hexpm", optional: false]}], "hexpm", "31225e6ce7a37a421a0a96ec55244386aec1c190b22578bd245188a4a33298fd"},
  "telemetry_poller": {:hex, :telemetry_poller, "0.5.0", "4770888ef85599ead39c7f51d6b4b62306e602d96c69b2625d54dea3d9a5204b", [:rebar3], [{:telemetry, "~> 0.4", [hex: :telemetry, repo: "hexpm", optional: false]}], "hexpm", "69e4e8e65b0ae077c9e14cd5f42c7cc486de0e07ac6e3409e6f0e52699a7872c"},
  "timex": {:hex, :timex, "3.2.2", "f83c655ecb9472d4a614c3d27ce98483698ad81736647cba74425c33bcd3c7fb", [:mix], [{:combine, "~> 0.10", [hex: :combine, repo: "hexpm", optional: false]}, {:gettext, "~> 0.10", [hex: :gettext, repo: "hexpm", optional: false]}, {:tzdata, "~> 0.1.8 or ~> 0.5", [hex: :tzdata, repo: "hexpm", optional: false]}], "hexpm"},
  "tzdata": {:hex, :tzdata, "0.5.16", "13424d3afc76c68ff607f2df966c0ab4f3258859bbe3c979c9ed1606135e7352", [:mix], [{:hackney, "~> 1.0", [hex: :hackney, repo: "hexpm", optional: false]}], "hexpm"},
  "unicode_util_compat": {:hex, :unicode_util_compat, "0.3.1", "a1f612a7b512638634a603c8f401892afbf99b8ce93a45041f8aaca99cadb85e", [:rebar3], [], "hexpm"},
  "x509": {:hex, :x509, "0.8.1", "901a72cb715aeb2f21739425cc0cff97ce975b6267811acb1fcee4ff10e7799c", [:mix], [], "hexpm", "30c6d9376c90c74490c80befea53cc0d07f05d48bb4ce9e472573a06b0aae008"},
}
